
Microsoft Visual Studio Solution File, Format Version 12.00
# Visual Studio Version 17
VisualStudioVersion = 17.1.32228.430
MinimumVisualStudioVersion = 10.0.40219.1
Project("{FAE04EC0-301F-11D3-BF4B-00C04F79EFBC}") = "BL", "BL\BL.csproj", "{001A9082-BB10-4D0F-82E4-2F8CB0D95C52}"
EndProject
Project("{FAE04EC0-301F-11D3-BF4B-00C04F79EFBC}") = "DL", "DL\DL.csproj", "{9A7EDDD2-BBA5-46D3-9CE7-75BD026FD0A8}"
EndProject
Project("{FAE04EC0-301F-11D3-BF4B-00C04F79EFBC}") = "ML", "ML\ML.csproj", "{BA11A88B-012B-4962-BF5A-5CA45D473BC9}"
EndProject
Project("{FAE04EC0-301F-11D3-BF4B-00C04F79EFBC}") = "PL", "PL\PL.csproj", "{EBB97488-CA34-4DB7-942E-551A0264CA1A}"
EndProject
Project("{FAE04EC0-301F-11D3-BF4B-00C04F79EFBC}") = "SL", "SL\SL.csproj", "{F108CF3B-EC0B-4C30-BA51-341963D65C25}"
EndProject
Global
	GlobalSection(SolutionConfigurationPlatforms) = preSolution
		Debug|Any CPU = Debug|Any CPU
		Release|Any CPU = Release|Any CPU
	EndGlobalSection
	GlobalSection(ProjectConfigurationPlatforms) = postSolution
		{001A9082-BB10-4D0F-82E4-2F8CB0D95C52}.Debug|Any CPU.ActiveCfg = Debug|Any CPU
		{001A9082-BB10-4D0F-82E4-2F8CB0D95C52}.Debug|Any CPU.Build.0 = Debug|Any CPU
		{001A9082-BB10-4D0F-82E4-2F8CB0D95C52}.Release|Any CPU.ActiveCfg = Release|Any CPU
		{001A9082-BB10-4D0F-82E4-2F8CB0D95C52}.Release|Any CPU.Build.0 = Release|Any CPU
		{9A7EDDD2-BBA5-46D3-9CE7-75BD026FD0A8}.Debug|Any CPU.ActiveCfg = Debug|Any CPU
		{9A7EDDD2-BBA5-46D3-9CE7-75BD026FD0A8}.Debug|Any CPU.Build.0 = Debug|Any CPU
		{9A7EDDD2-BBA5-46D3-9CE7-75BD026FD0A8}.Release|Any CPU.ActiveCfg = Release|Any CPU
		{9A7EDDD2-BBA5-46D3-9CE7-75BD026FD0A8}.Release|Any CPU.Build.0 = Release|Any CPU
		{BA11A88B-012B-4962-BF5A-5CA45D473BC9}.Debug|Any CPU.ActiveCfg = Debug|Any CPU
		{BA11A88B-012B-4962-BF5A-5CA45D473BC9}.Debug|Any CPU.Build.0 = Debug|Any CPU
		{BA11A88B-012B-4962-BF5A-5CA45D473BC9}.Release|Any CPU.ActiveCfg = Release|Any CPU
		{BA11A88B-012B-4962-BF5A-5CA45D473BC9}.Release|Any CPU.Build.0 = Release|Any CPU
		{EBB97488-CA34-4DB7-942E-551A0264CA1A}.Debug|Any CPU.ActiveCfg = Debug|Any CPU
		{EBB97488-CA34-4DB7-942E-551A0264CA1A}.Debug|Any CPU.Build.0 = Debug|Any CPU
		{EBB97488-CA34-4DB7-942E-551A0264CA1A}.Release|Any CPU.ActiveCfg = Release|Any CPU
		{EBB97488-CA34-4DB7-942E-551A0264CA1A}.Release|Any CPU.Build.0 = Release|Any CPU
		{F108CF3B-EC0B-4C30-BA51-341963D65C25}.Debug|Any CPU.ActiveCfg = Debug|Any CPU
		{F108CF3B-EC0B-4C30-BA51-341963D65C25}.Debug|Any CPU.Build.0 = Debug|Any CPU
		{F108CF3B-EC0B-4C30-BA51-341963D65C25}.Release|Any CPU.ActiveCfg = Release|Any CPU
		{F108CF3B-EC0B-4C30-BA51-341963D65C25}.Release|Any CPU.Build.0 = Release|Any CPU
	EndGlobalSection
	GlobalSection(SolutionProperties) = preSolution
		HideSolutionNode = FALSE
	EndGlobalSection
	GlobalSection(ExtensibilityGlobals) = postSolution
		SolutionGuid = {B0F9926A-6112-43FF-AB45-9FF971AEA092}
	EndGlobalSection
EndGlobal
